// !$*UTF8*$!
{
	archiveVersion = 1;
	classes = {
	};
	objectVersion = 46;
	objects = {

/* Begin PBXBuildFile section */
		9A7BD6811DB654B50062CC17 /* Helpers.swift in Sources */ = {isa = PBXBuildFile; fileRef = 9A7BD6801DB654B50062CC17 /* Helpers.swift */; };
		9AFDB0801DB653AD0002760F /* AppDelegate.swift in Sources */ = {isa = PBXBuildFile; fileRef = 9AFDB07F1DB653AD0002760F /* AppDelegate.swift */; };
		9AFDB0821DB653AD0002760F /* ViewController.swift in Sources */ = {isa = PBXBuildFile; fileRef = 9AFDB0811DB653AD0002760F /* ViewController.swift */; };
		9AFDB0851DB653AD0002760F /* Main.storyboard in Resources */ = {isa = PBXBuildFile; fileRef = 9AFDB0831DB653AD0002760F /* Main.storyboard */; };
		9AFDB0871DB653AE0002760F /* Assets.xcassets in Resources */ = {isa = PBXBuildFile; fileRef = 9AFDB0861DB653AE0002760F /* Assets.xcassets */; };
		9AFDB08A1DB653AE0002760F /* LaunchScreen.storyboard in Resources */ = {isa = PBXBuildFile; fileRef = 9AFDB0881DB653AE0002760F /* LaunchScreen.storyboard */; };
		9AFDB0951DB653AE0002760F /* SwiftExtensionTests.swift in Sources */ = {isa = PBXBuildFile; fileRef = 9AFDB0941DB653AE0002760F /* SwiftExtensionTests.swift */; };
		9AFDB0A01DB653AE0002760F /* SwiftExtensionUITests.swift in Sources */ = {isa = PBXBuildFile; fileRef = 9AFDB09F1DB653AE0002760F /* SwiftExtensionUITests.swift */; };
/* End PBXBuildFile section */

/* Begin PBXContainerItemProxy section */
		9AFDB0911DB653AE0002760F /* PBXContainerItemProxy */ = {
			isa = PBXContainerItemProxy;
			containerPortal = 9AFDB0741DB653AD0002760F /* Project object */;
			proxyType = 1;
			remoteGlobalIDString = 9AFDB07B1DB653AD0002760F;
			remoteInfo = SwiftExtension;
		};
		9AFDB09C1DB653AE0002760F /* PBXContainerItemProxy */ = {
			isa = PBXContainerItemProxy;
			containerPortal = 9AFDB0741DB653AD0002760F /* Project object */;
			proxyType = 1;
			remoteGlobalIDString = 9AFDB07B1DB653AD0002760F;
			remoteInfo = SwiftExtension;
		};
/* End PBXContainerItemProxy section */

/* Begin PBXFileReference section */
		9A7BD6801DB654B50062CC17 /* Helpers.swift */ = {isa = PBXFileReference; fileEncoding = 4; lastKnownFileType = sourcecode.swift; path = Helpers.swift; sourceTree = "<group>"; };
		9AFDB07C1DB653AD0002760F /* SwiftExtension.app */ = {isa = PBXFileReference; explicitFileType = wrapper.application; includeInIndex = 0; path = SwiftExtension.app; sourceTree = BUILT_PRODUCTS_DIR; };
		9AFDB07F1DB653AD0002760F /* AppDelegate.swift */ = {isa = PBXFileReference; lastKnownFileType = sourcecode.swift; path = AppDelegate.swift; sourceTree = "<group>"; };
		9AFDB0811DB653AD0002760F /* ViewController.swift */ = {isa = PBXFileReference; lastKnownFileType = sourcecode.swift; path = ViewController.swift; sourceTree = "<group>"; };
		9AFDB0841DB653AD0002760F /* Base */ = {isa = PBXFileReference; lastKnownFileType = file.storyboard; name = Base; path = Base.lproj/Main.storyboard; sourceTree = "<group>"; };
		9AFDB0861DB653AE0002760F /* Assets.xcassets */ = {isa = PBXFileReference; lastKnownFileType = folder.assetcatalog; path = Assets.xcassets; sourceTree = "<group>"; };
		9AFDB0891DB653AE0002760F /* Base */ = {isa = PBXFileReference; lastKnownFileType = file.storyboard; name = Base; path = Base.lproj/LaunchScreen.storyboard; sourceTree = "<group>"; };
		9AFDB08B1DB653AE0002760F /* Info.plist */ = {isa = PBXFileReference; lastKnownFileType = text.plist.xml; path = Info.plist; sourceTree = "<group>"; };
		9AFDB0901DB653AE0002760F /* SwiftExtensionTests.xctest */ = {isa = PBXFileReference; explicitFileType = wrapper.cfbundle; includeInIndex = 0; path = SwiftExtensionTests.xctest; sourceTree = BUILT_PRODUCTS_DIR; };
		9AFDB0941DB653AE0002760F /* SwiftExtensionTests.swift */ = {isa = PBXFileReference; lastKnownFileType = sourcecode.swift; path = SwiftExtensionTests.swift; sourceTree = "<group>"; };
		9AFDB0961DB653AE0002760F /* Info.plist */ = {isa = PBXFileReference; lastKnownFileType = text.plist.xml; path = Info.plist; sourceTree = "<group>"; };
		9AFDB09B1DB653AE0002760F /* SwiftExtensionUITests.xctest */ = {isa = PBXFileReference; explicitFileType = wrapper.cfbundle; includeInIndex = 0; path = SwiftExtensionUITests.xctest; sourceTree = BUILT_PRODUCTS_DIR; };
		9AFDB09F1DB653AE0002760F /* SwiftExtensionUITests.swift */ = {isa = PBXFileReference; lastKnownFileType = sourcecode.swift; path = SwiftExtensionUITests.swift; sourceTree = "<group>"; };
		9AFDB0A11DB653AE0002760F /* Info.plist */ = {isa = PBXFileReference; lastKnownFileType = text.plist.xml; path = Info.plist; sourceTree = "<group>"; };
/* End PBXFileReference section */

/* Begin PBXFrameworksBuildPhase section */
		9AFDB0791DB653AD0002760F /* Frameworks */ = {
			isa = PBXFrameworksBuildPhase;
			buildActionMask = 2147483647;
			files = (
			);
			runOnlyForDeploymentPostprocessing = 0;
		};
		9AFDB08D1DB653AE0002760F /* Frameworks */ = {
			isa = PBXFrameworksBuildPhase;
			buildActionMask = 2147483647;
			files = (
			);
			runOnlyForDeploymentPostprocessing = 0;
		};
		9AFDB0981DB653AE0002760F /* Frameworks */ = {
			isa = PBXFrameworksBuildPhase;
			buildActionMask = 2147483647;
			files = (
			);
			runOnlyForDeploymentPostprocessing = 0;
		};
/* End PBXFrameworksBuildPhase section */

/* Begin PBXGroup section */
		9AFDB0731DB653AD0002760F = {
			isa = PBXGroup;
			children = (
				9AFDB07E1DB653AD0002760F /* SwiftExtension */,
				9AFDB0931DB653AE0002760F /* SwiftExtensionTests */,
				9AFDB09E1DB653AE0002760F /* SwiftExtensionUITests */,
				9AFDB07D1DB653AD0002760F /* Products */,
			);
			sourceTree = "<group>";
		};
		9AFDB07D1DB653AD0002760F /* Products */ = {
			isa = PBXGroup;
			children = (
				9AFDB07C1DB653AD0002760F /* SwiftExtension.app */,
				9AFDB0901DB653AE0002760F /* SwiftExtensionTests.xctest */,
				9AFDB09B1DB653AE0002760F /* SwiftExtensionUITests.xctest */,
			);
			name = Products;
			sourceTree = "<group>";
		};
		9AFDB07E1DB653AD0002760F /* SwiftExtension */ = {
			isa = PBXGroup;
			children = (
				9AFDB07F1DB653AD0002760F /* AppDelegate.swift */,
				9AFDB0811DB653AD0002760F /* ViewController.swift */,
				9AFDB0831DB653AD0002760F /* Main.storyboard */,
				9AFDB0861DB653AE0002760F /* Assets.xcassets */,
				9AFDB0881DB653AE0002760F /* LaunchScreen.storyboard */,
				9AFDB08B1DB653AE0002760F /* Info.plist */,
				9A7BD6801DB654B50062CC17 /* Helpers.swift */,
			);
			path = SwiftExtension;
			sourceTree = "<group>";
		};
		9AFDB0931DB653AE0002760F /* SwiftExtensionTests */ = {
			isa = PBXGroup;
			children = (
				9AFDB0941DB653AE0002760F /* SwiftExtensionTests.swift */,
				9AFDB0961DB653AE0002760F /* Info.plist */,
			);
			path = SwiftExtensionTests;
			sourceTree = "<group>";
		};
		9AFDB09E1DB653AE0002760F /* SwiftExtensionUITests */ = {
			isa = PBXGroup;
			children = (
				9AFDB09F1DB653AE0002760F /* SwiftExtensionUITests.swift */,
				9AFDB0A11DB653AE0002760F /* Info.plist */,
			);
			path = SwiftExtensionUITests;
			sourceTree = "<group>";
		};
/* End PBXGroup section */

/* Begin PBXNativeTarget section */
		9AFDB07B1DB653AD0002760F /* SwiftExtension */ = {
			isa = PBXNativeTarget;
			buildConfigurationList = 9AFDB0A41DB653AE0002760F /* Build configuration list for PBXNativeTarget "SwiftExtension" */;
			buildPhases = (
				9AFDB0781DB653AD0002760F /* Sources */,
				9AFDB0791DB653AD0002760F /* Frameworks */,
				9AFDB07A1DB653AD0002760F /* Resources */,
			);
			buildRules = (
			);
			dependencies = (
			);
			name = SwiftExtension;
			productName = SwiftExtension;
			productReference = 9AFDB07C1DB653AD0002760F /* SwiftExtension.app */;
			productType = "com.apple.product-type.application";
		};
		9AFDB08F1DB653AE0002760F /* SwiftExtensionTests */ = {
			isa = PBXNativeTarget;
			buildConfigurationList = 9AFDB0A71DB653AE0002760F /* Build configuration list for PBXNativeTarget "SwiftExtensionTests" */;
			buildPhases = (
				9AFDB08C1DB653AE0002760F /* Sources */,
				9AFDB08D1DB653AE0002760F /* Frameworks */,
				9AFDB08E1DB653AE0002760F /* Resources */,
			);
			buildRules = (
			);
			dependencies = (
				9AFDB0921DB653AE0002760F /* PBXTargetDependency */,
			);
			name = SwiftExtensionTests;
			productName = SwiftExtensionTests;
			productReference = 9AFDB0901DB653AE0002760F /* SwiftExtensionTests.xctest */;
			productType = "com.apple.product-type.bundle.unit-test";
		};
		9AFDB09A1DB653AE0002760F /* SwiftExtensionUITests */ = {
			isa = PBXNativeTarget;
			buildConfigurationList = 9AFDB0AA1DB653AE0002760F /* Build configuration list for PBXNativeTarget "SwiftExtensionUITests" */;
			buildPhases = (
				9AFDB0971DB653AE0002760F /* Sources */,
				9AFDB0981DB653AE0002760F /* Frameworks */,
				9AFDB0991DB653AE0002760F /* Resources */,
			);
			buildRules = (
			);
			dependencies = (
				9AFDB09D1DB653AE0002760F /* PBXTargetDependency */,
			);
			name = SwiftExtensionUITests;
			productName = SwiftExtensionUITests;
			productReference = 9AFDB09B1DB653AE0002760F /* SwiftExtensionUITests.xctest */;
			productType = "com.apple.product-type.bundle.ui-testing";
		};
/* End PBXNativeTarget section */

/* Begin PBXProject section */
		9AFDB0741DB653AD0002760F /* Project object */ = {
			isa = PBXProject;
			attributes = {
				LastSwiftUpdateCheck = 0800;
				LastUpgradeCheck = 0800;
				ORGANIZATIONNAME = "Stefanini Jaguariúna";
				TargetAttributes = {
					9AFDB07B1DB653AD0002760F = {
						CreatedOnToolsVersion = 8.0;
						DevelopmentTeam = VM5P9TY7MH;
						ProvisioningStyle = Automatic;
					};
					9AFDB08F1DB653AE0002760F = {
						CreatedOnToolsVersion = 8.0;
						DevelopmentTeam = VM5P9TY7MH;
						ProvisioningStyle = Automatic;
						TestTargetID = 9AFDB07B1DB653AD0002760F;
					};
					9AFDB09A1DB653AE0002760F = {
						CreatedOnToolsVersion = 8.0;
						DevelopmentTeam = VM5P9TY7MH;
						ProvisioningStyle = Automatic;
						TestTargetID = 9AFDB07B1DB653AD0002760F;
					};
				};
			};
			buildConfigurationList = 9AFDB0771DB653AD0002760F /* Build configuration list for PBXProject "SwiftExtension" */;
			compatibilityVersion = "Xcode 3.2";
			developmentRegion = English;
			hasScannedForEncodings = 0;
			knownRegions = (
				en,
				Base,
			);
			mainGroup = 9AFDB0731DB653AD0002760F;
			productRefGroup = 9AFDB07D1DB653AD0002760F /* Products */;
			projectDirPath = "";
			projectRoot = "";
			targets = (
				9AFDB07B1DB653AD0002760F /* SwiftExtension */,
				9AFDB08F1DB653AE0002760F /* SwiftExtensionTests */,
				9AFDB09A1DB653AE0002760F /* SwiftExtensionUITests */,
			);
		};
/* End PBXProject section */

/* Begin PBXResourcesBuildPhase section */
		9AFDB07A1DB653AD0002760F /* Resources */ = {
			isa = PBXResourcesBuildPhase;
			buildActionMask = 2147483647;
			files = (
				9AFDB08A1DB653AE0002760F /* LaunchScreen.storyboard in Resources */,
				9AFDB0871DB653AE0002760F /* Assets.xcassets in Resources */,
				9AFDB0851DB653AD0002760F /* Main.storyboard in Resources */,
			);
			runOnlyForDeploymentPostprocessing = 0;
		};
		9AFDB08E1DB653AE0002760F /* Resources */ = {
			isa = PBXResourcesBuildPhase;
			buildActionMask = 2147483647;
			files = (
			);
			runOnlyForDeploymentPostprocessing = 0;
		};
		9AFDB0991DB653AE0002760F /* Resources */ = {
			isa = PBXResourcesBuildPhase;
			buildActionMask = 2147483647;
			files = (
			);
			runOnlyForDeploymentPostprocessing = 0;
		};
/* End PBXResourcesBuildPhase section */

/* Begin PBXSourcesBuildPhase section */
		9AFDB0781DB653AD0002760F /* Sources */ = {
			isa = PBXSourcesBuildPhase;
			buildActionMask = 2147483647;
			files = (
				9AFDB0821DB653AD0002760F /* ViewController.swift in Sources */,
				9A7BD6811DB654B50062CC17 /* Helpers.swift in Sources */,
				9AFDB0801DB653AD0002760F /* AppDelegate.swift in Sources */,
			);
			runOnlyForDeploymentPostprocessing = 0;
		};
		9AFDB08C1DB653AE0002760F /* Sources */ = {
			isa = PBXSourcesBuildPhase;
			buildActionMask = 2147483647;
			files = (
				9AFDB0951DB653AE0002760F /* SwiftExtensionTests.swift in Sources */,
			);
			runOnlyForDeploymentPostprocessing = 0;
		};
		9AFDB0971DB653AE0002760F /* Sources */ = {
			isa = PBXSourcesBuildPhase;
			buildActionMask = 2147483647;
			files = (
				9AFDB0A01DB653AE0002760F /* SwiftExtensionUITests.swift in Sources */,
			);
			runOnlyForDeploymentPostprocessing = 0;
		};
/* End PBXSourcesBuildPhase section */

/* Begin PBXTargetDependency section */
		9AFDB0921DB653AE0002760F /* PBXTargetDependency */ = {
			isa = PBXTargetDependency;
			target = 9AFDB07B1DB653AD0002760F /* SwiftExtension */;
			targetProxy = 9AFDB0911DB653AE0002760F /* PBXContainerItemProxy */;
		};
		9AFDB09D1DB653AE0002760F /* PBXTargetDependency */ = {
			isa = PBXTargetDependency;
			target = 9AFDB07B1DB653AD0002760F /* SwiftExtension */;
			targetProxy = 9AFDB09C1DB653AE0002760F /* PBXContainerItemProxy */;
		};
/* End PBXTargetDependency section */

/* Begin PBXVariantGroup section */
		9AFDB0831DB653AD0002760F /* Main.storyboard */ = {
			isa = PBXVariantGroup;
			children = (
				9AFDB0841DB653AD0002760F /* Base */,
			);
			name = Main.storyboard;
			sourceTree = "<group>";
		};
		9AFDB0881DB653AE0002760F /* LaunchScreen.storyboard */ = {
			isa = PBXVariantGroup;
			children = (
				9AFDB0891DB653AE0002760F /* Base */,
			);
			name = LaunchScreen.storyboard;
			sourceTree = "<group>";
		};
/* End PBXVariantGroup section */

/* Begin XCBuildConfiguration section */
		9AFDB0A21DB653AE0002760F /* Debug */ = {
			isa = XCBuildConfiguration;
			buildSettings = {
				ALWAYS_SEARCH_USER_PATHS = NO;
				CLANG_ANALYZER_NONNULL = YES;
				CLANG_CXX_LANGUAGE_STANDARD = "gnu++0x";
				CLANG_CXX_LIBRARY = "libc++";
				CLANG_ENABLE_MODULES = YES;
				CLANG_ENABLE_OBJC_ARC = YES;
				CLANG_WARN_BOOL_CONVERSION = YES;
				CLANG_WARN_CONSTANT_CONVERSION = YES;
				CLANG_WARN_DIRECT_OBJC_ISA_USAGE = YES_ERROR;
				CLANG_WARN_DOCUMENTATION_COMMENTS = YES;
				CLANG_WARN_EMPTY_BODY = YES;
				CLANG_WARN_ENUM_CONVERSION = YES;
				CLANG_WARN_INFINITE_RECURSION = YES;
				CLANG_WARN_INT_CONVERSION = YES;
				CLANG_WARN_OBJC_ROOT_CLASS = YES_ERROR;
				CLANG_WARN_SUSPICIOUS_MOVES = YES;
				CLANG_WARN_UNREACHABLE_CODE = YES;
				CLANG_WARN__DUPLICATE_METHOD_MATCH = YES;
				"CODE_SIGN_IDENTITY[sdk=iphoneos*]" = "iPhone Developer";
				COPY_PHASE_STRIP = NO;
				DEBUG_INFORMATION_FORMAT = dwarf;
				ENABLE_STRICT_OBJC_MSGSEND = YES;
				ENABLE_TESTABILITY = YES;
				GCC_C_LANGUAGE_STANDARD = gnu99;
				GCC_DYNAMIC_NO_PIC = NO;
				GCC_NO_COMMON_BLOCKS = YES;
				GCC_OPTIMIZATION_LEVEL = 0;
				GCC_PREPROCESSOR_DEFINITIONS = (
					"DEBUG=1",
					"$(inherited)",
				);
				GCC_WARN_64_TO_32_BIT_CONVERSION = YES;
				GCC_WARN_ABOUT_RETURN_TYPE = YES_ERROR;
				GCC_WARN_UNDECLARED_SELECTOR = YES;
				GCC_WARN_UNINITIALIZED_AUTOS = YES_AGGRESSIVE;
				GCC_WARN_UNUSED_FUNCTION = YES;
				GCC_WARN_UNUSED_VARIABLE = YES;
				IPHONEOS_DEPLOYMENT_TARGET = 10.0;
				MTL_ENABLE_DEBUG_INFO = YES;
				ONLY_ACTIVE_ARCH = YES;
				SDKROOT = iphoneos;
				SWIFT_ACTIVE_COMPILATION_CONDITIONS = DEBUG;
				SWIFT_OPTIMIZATION_LEVEL = "-Onone";
			};
			name = Debug;
		};
		9AFDB0A31DB653AE0002760F /* Release */ = {
			isa = XCBuildConfiguration;
			buildSettings = {
				ALWAYS_SEARCH_USER_PATHS = NO;
				CLANG_ANALYZER_NONNULL = YES;
				CLANG_CXX_LANGUAGE_STANDARD = "gnu++0x";
				CLANG_CXX_LIBRARY = "libc++";
				CLANG_ENABLE_MODULES = YES;
				CLANG_ENABLE_OBJC_ARC = YES;
				CLANG_WARN_BOOL_CONVERSION = YES;
				CLANG_WARN_CONSTANT_CONVERSION = YES;
				CLANG_WARN_DIRECT_OBJC_ISA_USAGE = YES_ERROR;
				CLANG_WARN_DOCUMENTATION_COMMENTS = YES;
				CLANG_WARN_EMPTY_BODY = YES;
				CLANG_WARN_ENUM_CONVERSION = YES;
				CLANG_WARN_INFINITE_RECURSION = YES;
				CLANG_WARN_INT_CONVERSION = YES;
				CLANG_WARN_OBJC_ROOT_CLASS = YES_ERROR;
				CLANG_WARN_SUSPICIOUS_MOVES = YES;
				CLANG_WARN_UNREACHABLE_CODE = YES;
				CLANG_WARN__DUPLICATE_METHOD_MATCH = YES;
				"CODE_SIGN_IDENTITY[sdk=iphoneos*]" = "iPhone Developer";
				COPY_PHASE_STRIP = NO;
				DEBUG_INFORMATION_FORMAT = "dwarf-with-dsym";
				ENABLE_NS_ASSERTIONS = NO;
				ENABLE_STRICT_OBJC_MSGSEND = YES;
				GCC_C_LANGUAGE_STANDARD = gnu99;
				GCC_NO_COMMON_BLOCKS = YES;
				GCC_WARN_64_TO_32_BIT_CONVERSION = YES;
				GCC_WARN_ABOUT_RETURN_TYPE = YES_ERROR;
				GCC_WARN_UNDECLARED_SELECTOR = YES;
				GCC_WARN_UNINITIALIZED_AUTOS = YES_AGGRESSIVE;
				GCC_WARN_UNUSED_FUNCTION = YES;
				GCC_WARN_UNUSED_VARIABLE = YES;
				IPHONEOS_DEPLOYMENT_TARGET = 10.0;
				MTL_ENABLE_DEBUG_INFO = NO;
				SDKROOT = iphoneos;
				SWIFT_OPTIMIZATION_LEVEL = "-Owholemodule";
				VALIDATE_PRODUCT = YES;
			};
			name = Release;
		};
		9AFDB0A51DB653AE0002760F /* Debug */ = {
			isa = XCBuildConfiguration;
			buildSettings = {
				ASSETCATALOG_COMPILER_APPICON_NAME = AppIcon;
				"CODE_SIGN_IDENTITY[sdk=iphoneos*]" = "iPhone Developer";
				DEVELOPMENT_TEAM = VM5P9TY7MH;
				INFOPLIST_FILE = SwiftExtension/Info.plist;
				IPHONEOS_DEPLOYMENT_TARGET = 9.0;
				LD_RUNPATH_SEARCH_PATHS = "$(inherited) @executable_path/Frameworks";
				PRODUCT_BUNDLE_IDENTIFIER = com.stefanini.SwiftExtension;
				PRODUCT_NAME = "$(TARGET_NAME)";
				PROVISIONING_PROFILE = "";
				PROVISIONING_PROFILE_SPECIFIER = "";
				SWIFT_VERSION = 3.0;
			};
			name = Debug;
		};
		9AFDB0A61DB653AE0002760F /* Release */ = {
			isa = XCBuildConfiguration;
			buildSettings = {
				ASSETCATALOG_COMPILER_APPICON_NAME = AppIcon;
				"CODE_SIGN_IDENTITY[sdk=iphoneos*]" = "iPhone Developer";
				DEVELOPMENT_TEAM = VM5P9TY7MH;
				INFOPLIST_FILE = SwiftExtension/Info.plist;
				IPHONEOS_DEPLOYMENT_TARGET = 9.0;
				LD_RUNPATH_SEARCH_PATHS = "$(inherited) @executable_path/Frameworks";
				PRODUCT_BUNDLE_IDENTIFIER = com.stefanini.SwiftExtension;
				PRODUCT_NAME = "$(TARGET_NAME)";
				PROVISIONING_PROFILE = "";
				PROVISIONING_PROFILE_SPECIFIER = "";
				SWIFT_VERSION = 3.0;
			};
			name = Release;
		};
		9AFDB0A81DB653AE0002760F /* Debug */ = {
			isa = XCBuildConfiguration;
			buildSettings = {
				ALWAYS_EMBED_SWIFT_STANDARD_LIBRARIES = YES;
				BUNDLE_LOADER = "$(TEST_HOST)";
				DEVELOPMENT_TEAM = VM5P9TY7MH;
				INFOPLIST_FILE = SwiftExtensionTests/Info.plist;
				LD_RUNPATH_SEARCH_PATHS = "$(inherited) @executable_path/Frameworks @loader_path/Frameworks";
				PRODUCT_BUNDLE_IDENTIFIER = com.stefanini.SwiftExtensionTests;
				PRODUCT_NAME = "$(TARGET_NAME)";
				SWIFT_VERSION = 3.0;
				TEST_HOST = "$(BUILT_PRODUCTS_DIR)/SwiftExtension.app/SwiftExtension";
			};
			name = Debug;
		};
		9AFDB0A91DB653AE0002760F /* Release */ = {
			isa = XCBuildConfiguration;
			buildSettings = {
				ALWAYS_EMBED_SWIFT_STANDARD_LIBRARIES = YES;
				BUNDLE_LOADER = "$(TEST_HOST)";
				DEVELOPMENT_TEAM = VM5P9TY7MH;
				INFOPLIST_FILE = SwiftExtensionTests/Info.plist;
				LD_RUNPATH_SEARCH_PATHS = "$(inherited) @executable_path/Frameworks @loader_path/Frameworks";
				PRODUCT_BUNDLE_IDENTIFIER = com.stefanini.SwiftExtensionTests;
				PRODUCT_NAME = "$(TARGET_NAME)";
				SWIFT_VERSION = 3.0;
				TEST_HOST = "$(BUILT_PRODUCTS_DIR)/SwiftExtension.app/SwiftExtension";
			};
			name = Release;
		};
		9AFDB0AB1DB653AE0002760F /* Debug */ = {
			isa = XCBuildConfiguration;
			buildSettings = {
				ALWAYS_EMBED_SWIFT_STANDARD_LIBRARIES = YES;
				DEVELOPMENT_TEAM = VM5P9TY7MH;
				INFOPLIST_FILE = SwiftExtensionUITests/Info.plist;
				LD_RUNPATH_SEARCH_PATHS = "$(inherited) @executable_path/Frameworks @loader_path/Frameworks";
				PRODUCT_BUNDLE_IDENTIFIER = com.stefanini.SwiftExtensionUITests;
				PRODUCT_NAME = "$(TARGET_NAME)";
				SWIFT_VERSION = 3.0;
				TEST_TARGET_NAME = SwiftExtension;
			};
			name = Debug;
		};
		9AFDB0AC1DB653AE0002760F /* Release */ = {
			isa = XCBuildConfiguration;
			buildSettings = {
				ALWAYS_EMBED_SWIFT_STANDARD_LIBRARIES = YES;
				DEVELOPMENT_TEAM = VM5P9TY7MH;
				INFOPLIST_FILE = SwiftExtensionUITests/Info.plist;
				LD_RUNPATH_SEARCH_PATHS = "$(inherited) @executable_path/Frameworks @loader_path/Frameworks";
				PRODUCT_BUNDLE_IDENTIFIER = com.stefanini.SwiftExtensionUITests;
				PRODUCT_NAME = "$(TARGET_NAME)";
				SWIFT_VERSION = 3.0;
				TEST_TARGET_NAME = SwiftExtension;
			};
			name = Release;
		};
/* End XCBuildConfiguration section */

/* Begin XCConfigurationList section */
		9AFDB0771DB653AD0002760F /* Build configuration list for PBXProject "SwiftExtension" */ = {
			isa = XCConfigurationList;
			buildConfigurations = (
				9AFDB0A21DB653AE0002760F /* Debug */,
				9AFDB0A31DB653AE0002760F /* Release */,
			);
			defaultConfigurationIsVisible = 0;
			defaultConfigurationName = Release;
		};
		9AFDB0A41DB653AE0002760F /* Build configuration list for PBXNativeTarget "SwiftExtension" */ = {
			isa = XCConfigurationList;
			buildConfigurations = (
				9AFDB0A51DB653AE0002760F /* Debug */,
				9AFDB0A61DB653AE0002760F /* Release */,
			);
			defaultConfigurationIsVisible = 0;
			defaultConfigurationName = Release;
		};
		9AFDB0A71DB653AE0002760F /* Build configuration list for PBXNativeTarget "SwiftExtensionTests" */ = {
			isa = XCConfigurationList;
			buildConfigurations = (
				9AFDB0A81DB653AE0002760F /* Debug */,
				9AFDB0A91DB653AE0002760F /* Release */,
			);
			defaultConfigurationIsVisible = 0;
			defaultConfigurationName = Release;
		};
		9AFDB0AA1DB653AE0002760F /* Build configuration list for PBXNativeTarget "SwiftExtensionUITests" */ = {
			isa = XCConfigurationList;
			buildConfigurations = (
				9AFDB0AB1DB653AE0002760F /* Debug */,
				9AFDB0AC1DB653AE0002760F /* Release */,
			);
			defaultConfigurationIsVisible = 0;
			defaultConfigurationName = Release;
		};
/* End XCConfigurationList section */
	};
	rootObject = 9AFDB0741DB653AD0002760F /* Project object */;
}
